
Microsoft Visual Studio Solution File, Format Version 12.00
# Visual Studio Version 17
VisualStudioVersion = 17.5.001.0
MinimumVisualStudioVersion = 10.0.40219.1
Project("{9A19103F-16F7-4668-BE54-9A1E7A4F7556}") = "api", "api.csproj", "{93F0CBD5-000C-45B2-8E5B-D855FDC7EFE4}"
EndProject
Global
	GlobalSection(SolutionConfigurationPlatforms) = preSolution
		Debug|Any CPU = Debug|Any CPU
		Release|Any CPU = Release|Any CPU
	EndGlobalSection
	GlobalSection(ProjectConfigurationPlatforms) = postSolution
		{93F0CBD5-000C-45B2-8E5B-D855FDC7EFE4}.Debug|Any CPU.ActiveCfg = Debug|Any CPU
		{93F0CBD5-000C-45B2-8E5B-D855FDC7EFE4}.Debug|Any CPU.Build.0 = Debug|Any CPU
		{93F0CBD5-000C-45B2-8E5B-D855FDC7EFE4}.Release|Any CPU.ActiveCfg = Release|Any CPU
		{93F0CBD5-000C-45B2-8E5B-D855FDC7EFE4}.Release|Any CPU.Build.0 = Release|Any CPU
	EndGlobalSection
	GlobalSection(SolutionProperties) = preSolution
		HideSolutionNode = FALSE
	EndGlobalSection
	GlobalSection(ExtensibilityGlobals) = postSolution
		SolutionGuid = {1B066F45-8CEA-4F4E-8CDB-5CC2802AC6C0}
	EndGlobalSection
EndGlobal
